
Microsoft Visual Studio Solution File, Format Version 12.00
# Visual Studio Version 17
VisualStudioVersion = 17.9.34701.34
MinimumVisualStudioVersion = 10.0.40219.1
Project("{FAE04EC0-301F-11D3-BF4B-00C04F79EFBC}") = "RoutePlanning", "RoutePlanning\RoutePlanning.csproj", "{F5700405-4F65-482D-8887-E7E06425CE18}"
EndProject
Global
	GlobalSection(SolutionConfigurationPlatforms) = preSolution
		Debug|x64 = Debug|x64
	EndGlobalSection
	GlobalSection(ProjectConfigurationPlatforms) = postSolution
		{F5700405-4F65-482D-8887-E7E06425CE18}.Debug|x64.ActiveCfg = Debug|x64
		{F5700405-4F65-482D-8887-E7E06425CE18}.Debug|x64.Build.0 = Debug|x64
	EndGlobalSection
	GlobalSection(SolutionProperties) = preSolution
		HideSolutionNode = FALSE
	EndGlobalSection
	GlobalSection(ExtensibilityGlobals) = postSolution
		SolutionGuid = {8E3A9FDD-7A85-4F26-B094-8E23CFB7450F}
	EndGlobalSection
EndGlobal
